{
  "requires": true,
  "lockfileVersion": 1,
  "dependencies": {
    "@vkontakte/vk-connect": {
      "version": "1.6.8",
      "resolved": "https://registry.npmjs.org/@vkontakte/vk-connect/-/vk-connect-1.6.8.tgz",
      "integrity": "sha512-Ju10WB8b5I7jN9SyyyNK5P8avAqiFWiGKlSGsMuvDBzyzdcq8NHWCoU8F6Oiz3f7bPRCm0aOqPifjmqYtwG4bg=="
    }
  }
}
